github.com/gorilla/websocket v1.4.0 h1:WDFjx/TMzVgy9VdMMQi2K2Emtwi2QcUQsztZ/zLaH/Q=
github.com/gorilla/websocket v1.4.0/go.mod h1:E7qHFY5m1UJ88s3WnNqhKjPHQ0heANvMoAMk2YaljkQ=
github.com/mattn/go-mastodon v0.0.2 h1:8yOGnXXw/u3xQlNA+B6R5xp26FKCK2+ArfyFWydPFq0=
github.com/mattn/go-mastodon v0.0.2/go.mod h1:/OSOSDJyV0OUlBuDV0Qrllizt3BJNj4Ir5xhckYRVmg=
github.com/mattn/go-mastodon v0.0.3-0.20181125141520-4def10a24394 h1:7xdH4AO7q2+XXAyYego+lrwWRRjMrGHtiUch+HdnddA=
github.com/mattn/go-mastodon v0.0.3-0.20181125141520-4def10a24394/go.mod h1:/OSOSDJyV0OUlBuDV0Qrllizt3BJNj4Ir5xhckYRVmg=
github.com/microcosm-cc/bluemonday v1.0.2 h1:5lPfLTTAvAbtS0VqT+94yOtFnGfUWYyx0+iToC3Os3s=
github.com/microcosm-cc/bluemonday v1.0.2/go.mod h1:iVP4YcDBq+n/5fb23BhYFvIMq/leAFZyRl6bYmGDlGc=
github.com/tomnomnom/linkheader v0.0.0-20180905144013-02ca5825eb80 h1:nrZ3ySNYwJbSpD6ce9duiP+QkD3JuLCcWkdaehUS/3Y=
github.com/tomnomnom/linkheader v0.0.0-20180905144013-02ca5825eb80/go.mod h1:iFyPdL66DjUD96XmzVL3ZntbzcflLnznH0fr99w5VqE=
golang.org/x/net v0.0.0-20181220203305-927f97764cc3 h1:eH6Eip3UpmR+yM/qI9Ijluzb1bNv/cAU/n+6l8tRSis=
golang.org/x/net v0.0.0-20181220203305-927f97764cc3/go.mod h1:mL1N/T3taQHkDXs73rZJwtUhF3w3ftmwwsq0BUmARs4=
